
Microsoft Visual Studio Solution File, Format Version 12.00
Project("{FAE04EC0-301F-11D3-BF4B-00C04F79EFBC}") = "Bozlak_Fatih_Tp1", "Bozlak_Fatih_Tp1.csproj", "{AD3BED07-F451-4B80-AB40-560D93EDAD7C}"
EndProject
Global
	GlobalSection(SolutionConfigurationPlatforms) = preSolution
		Debug|Any CPU = Debug|Any CPU
		Release|Any CPU = Release|Any CPU
	EndGlobalSection
	GlobalSection(ProjectConfigurationPlatforms) = postSolution
		{AD3BED07-F451-4B80-AB40-560D93EDAD7C}.Debug|Any CPU.ActiveCfg = Debug|Any CPU
		{AD3BED07-F451-4B80-AB40-560D93EDAD7C}.Debug|Any CPU.Build.0 = Debug|Any CPU
		{AD3BED07-F451-4B80-AB40-560D93EDAD7C}.Release|Any CPU.ActiveCfg = Release|Any CPU
		{AD3BED07-F451-4B80-AB40-560D93EDAD7C}.Release|Any CPU.Build.0 = Release|Any CPU
	EndGlobalSection
EndGlobal
